{
  "name": "easy-ui",
  "version": "1.2.0",
  "lockfileVersion": 1,
  "requires": true,
  "dependencies": {
    "axios": {
      "version": "0.18.0",
      "resolved": "http://registry.npm.taobao.org/axios/download/axios-0.18.0.tgz",
      "integrity": "sha1-MtU+SFHv3AoRmTts0AB4nXDAUQI=",
      "requires": {
        "follow-redirects": "^1.3.0",
        "is-buffer": "^1.1.5"
      }
    },
    "axios-miniprogram-adapter": {
      "version": "0.2.2",
      "resolved": "http://registry.npm.taobao.org/axios-miniprogram-adapter/download/axios-miniprogram-adapter-0.2.2.tgz",
      "integrity": "sha1-lHBmG1NxKvLa8vZcDPRqYroaBUk=",
      "requires": {
        "axios": "^0.18.0"
      }
    },
    "debug": {
      "version": "3.2.6",
      "resolved": "http://registry.npm.taobao.org/debug/download/debug-3.2.6.tgz",
      "integrity": "sha1-6D0X3hbYp++3cX7b5fsQE17uYps=",
      "requires": {
        "ms": "^2.1.1"
      }
    },
    "follow-redirects": {
      "version": "1.7.0",
      "resolved": "http://registry.npm.taobao.org/follow-redirects/download/follow-redirects-1.7.0.tgz",
      "integrity": "sha1-SJ68GY3A5/ZBZ70jsDxMGbV4THY=",
      "requires": {
        "debug": "^3.2.6"
      }
    },
    "is-buffer": {
      "version": "1.1.6",
      "resolved": "http://registry.npm.taobao.org/is-buffer/download/is-buffer-1.1.6.tgz",
      "integrity": "sha1-76ouqdqg16suoTqXsritUf776L4="
    },
    "ms": {
      "version": "2.1.1",
      "resolved": "http://registry.npm.taobao.org/ms/download/ms-2.1.1.tgz",
      "integrity": "sha1-MKWGTrPrsKZvLr5tcnrwagnYbgo="
    },
    "wx-api-promisify": {
      "version": "0.1.2",
      "resolved": "http://registry.npm.taobao.org/wx-api-promisify/download/wx-api-promisify-0.1.2.tgz",
      "integrity": "sha1-wx5jmCmv1Ge5TnmWLl+0I5uKddQ="
    }
  }
}
